
Microsoft Visual Studio Solution File, Format Version 12.00
# Visual Studio Version 17
VisualStudioVersion = 17.7.34202.233
MinimumVisualStudioVersion = 10.0.40219.1
Project("{FAE04EC0-301F-11D3-BF4B-00C04F79EFBC}") = "Practica_2_SRP", "Practica_2_SRP\Practica_2_SRP.csproj", "{883CE449-C264-42DE-B167-E2BBF2FD0E6E}"
EndProject
Global
	GlobalSection(SolutionConfigurationPlatforms) = preSolution
		Debug|Any CPU = Debug|Any CPU
		Release|Any CPU = Release|Any CPU
	EndGlobalSection
	GlobalSection(ProjectConfigurationPlatforms) = postSolution
		{883CE449-C264-42DE-B167-E2BBF2FD0E6E}.Debug|Any CPU.ActiveCfg = Debug|Any CPU
		{883CE449-C264-42DE-B167-E2BBF2FD0E6E}.Debug|Any CPU.Build.0 = Debug|Any CPU
		{883CE449-C264-42DE-B167-E2BBF2FD0E6E}.Release|Any CPU.ActiveCfg = Release|Any CPU
		{883CE449-C264-42DE-B167-E2BBF2FD0E6E}.Release|Any CPU.Build.0 = Release|Any CPU
	EndGlobalSection
	GlobalSection(SolutionProperties) = preSolution
		HideSolutionNode = FALSE
	EndGlobalSection
	GlobalSection(ExtensibilityGlobals) = postSolution
		SolutionGuid = {65C00B0A-B743-41CF-ABF6-15EFCF9FE7DA}
	EndGlobalSection
EndGlobal
